
Microsoft Visual Studio Solution File, Format Version 12.00
# Visual Studio Version 16
VisualStudioVersion = 16.0.32106.194
MinimumVisualStudioVersion = 10.0.40219.1
Project("{2150E333-8FDC-42A3-9474-1A3956D46DE8}") = "src", "src", "{F2FCA34D-10D6-4517-B8F6-98F0AAC36BEA}"
EndProject
Project("{2150E333-8FDC-42A3-9474-1A3956D46DE8}") = "tests", "tests", "{3CA60993-C33B-4181-B3A6-7BA27C91589F}"
EndProject
Project("{2150E333-8FDC-42A3-9474-1A3956D46DE8}") = "API", "API", "{3DC54443-1E84-4162-A510-22D846F5DC38}"
EndProject
Project("{2150E333-8FDC-42A3-9474-1A3956D46DE8}") = "Core", "Core", "{FF91DDCF-1C82-4812-8CAB-624C49745263}"
EndProject
Project("{2150E333-8FDC-42A3-9474-1A3956D46DE8}") = "Infrastructure", "Infrastructure", "{A4E54432-9215-4083-881E-13A3AEC3D8C5}"
EndProject
Project("{2150E333-8FDC-42A3-9474-1A3956D46DE8}") = "UI", "UI", "{6A36DA80-7C90-40DD-A690-9E6CBE881553}"
EndProject
Project("{FAE04EC0-301F-11D3-BF4B-00C04F79EFBC}") = "HR.LeaveManagement.Domain", "HR.LeaveManagement.Domain\HR.LeaveManagement.Domain.csproj", "{57AF7DCA-5320-40E1-A489-A2597C2826A0}"
EndProject
Project("{FAE04EC0-301F-11D3-BF4B-00C04F79EFBC}") = "HR.LeaveManagement.Application", "HR.LeaveManagement.Application\HR.LeaveManagement.Application.csproj", "{200F8FD6-CE2B-436B-937A-5ADD7425A233}"
EndProject
Global
	GlobalSection(SolutionConfigurationPlatforms) = preSolution
		Debug|Any CPU = Debug|Any CPU
		Release|Any CPU = Release|Any CPU
	EndGlobalSection
	GlobalSection(ProjectConfigurationPlatforms) = postSolution
		{57AF7DCA-5320-40E1-A489-A2597C2826A0}.Debug|Any CPU.ActiveCfg = Debug|Any CPU
		{57AF7DCA-5320-40E1-A489-A2597C2826A0}.Debug|Any CPU.Build.0 = Debug|Any CPU
		{57AF7DCA-5320-40E1-A489-A2597C2826A0}.Release|Any CPU.ActiveCfg = Release|Any CPU
		{57AF7DCA-5320-40E1-A489-A2597C2826A0}.Release|Any CPU.Build.0 = Release|Any CPU
		{200F8FD6-CE2B-436B-937A-5ADD7425A233}.Debug|Any CPU.ActiveCfg = Debug|Any CPU
		{200F8FD6-CE2B-436B-937A-5ADD7425A233}.Debug|Any CPU.Build.0 = Debug|Any CPU
		{200F8FD6-CE2B-436B-937A-5ADD7425A233}.Release|Any CPU.ActiveCfg = Release|Any CPU
		{200F8FD6-CE2B-436B-937A-5ADD7425A233}.Release|Any CPU.Build.0 = Release|Any CPU
	EndGlobalSection
	GlobalSection(SolutionProperties) = preSolution
		HideSolutionNode = FALSE
	EndGlobalSection
	GlobalSection(NestedProjects) = preSolution
		{3DC54443-1E84-4162-A510-22D846F5DC38} = {F2FCA34D-10D6-4517-B8F6-98F0AAC36BEA}
		{FF91DDCF-1C82-4812-8CAB-624C49745263} = {F2FCA34D-10D6-4517-B8F6-98F0AAC36BEA}
		{A4E54432-9215-4083-881E-13A3AEC3D8C5} = {F2FCA34D-10D6-4517-B8F6-98F0AAC36BEA}
		{6A36DA80-7C90-40DD-A690-9E6CBE881553} = {F2FCA34D-10D6-4517-B8F6-98F0AAC36BEA}
		{57AF7DCA-5320-40E1-A489-A2597C2826A0} = {FF91DDCF-1C82-4812-8CAB-624C49745263}
		{200F8FD6-CE2B-436B-937A-5ADD7425A233} = {FF91DDCF-1C82-4812-8CAB-624C49745263}
	EndGlobalSection
	GlobalSection(ExtensibilityGlobals) = postSolution
		SolutionGuid = {FD5875AC-244E-4E3A-AFA3-9DD127B50455}
	EndGlobalSection
EndGlobal
